
Microsoft Visual Studio Solution File, Format Version 12.00
# Visual Studio Version 17
VisualStudioVersion = 17.4.33213.308
MinimumVisualStudioVersion = 10.0.40219.1
Project("{9A19103F-16F7-4668-BE54-9A1E7A4F7556}") = "NettLL.Design", "NettLL.Design\NettLL.Design.csproj", "{B04026B9-44DF-4F49-B4A8-2EBD8E096728}"
EndProject
Project("{54435603-DBB4-11D2-8724-00A0C9A8B90C}") = "NetLL.Setup", "NetLL.Setup\NetLL.Setup.vdproj", "{9CECB42F-032C-4941-B549-2A8E4A5E6571}"
EndProject
Global
	GlobalSection(SolutionConfigurationPlatforms) = preSolution
		Debug|Any CPU = Debug|Any CPU
		Release|Any CPU = Release|Any CPU
	EndGlobalSection
	GlobalSection(ProjectConfigurationPlatforms) = postSolution
		{B04026B9-44DF-4F49-B4A8-2EBD8E096728}.Debug|Any CPU.ActiveCfg = Debug|Any CPU
		{B04026B9-44DF-4F49-B4A8-2EBD8E096728}.Debug|Any CPU.Build.0 = Debug|Any CPU
		{B04026B9-44DF-4F49-B4A8-2EBD8E096728}.Release|Any CPU.ActiveCfg = Release|Any CPU
		{B04026B9-44DF-4F49-B4A8-2EBD8E096728}.Release|Any CPU.Build.0 = Release|Any CPU
		{9CECB42F-032C-4941-B549-2A8E4A5E6571}.Debug|Any CPU.ActiveCfg = Debug
		{9CECB42F-032C-4941-B549-2A8E4A5E6571}.Release|Any CPU.ActiveCfg = Release
	EndGlobalSection
	GlobalSection(SolutionProperties) = preSolution
		HideSolutionNode = FALSE
	EndGlobalSection
	GlobalSection(ExtensibilityGlobals) = postSolution
		SolutionGuid = {053E6D99-D145-4082-841A-5084B5ECF57D}
	EndGlobalSection
EndGlobal
